[[package]]
category = "main"
description = "Library for performing speech recognition, with support for several engines and APIs, online and offline."
name = "speechrecognition"
optional = false
python-versions = "*"
version = "3.8.1"

[metadata]
content-hash = "f7ef874f041e60bf28762e1fd4da7117a51b12b7f73662b737740cb31374a421"
python-versions = "^3.7"

[metadata.files]
speechrecognition = [
    {file = "SpeechRecognition-3.8.1-py2.py3-none-any.whl", hash = "sha256:4d8f73a0c05ec70331c3bacaa89ecc06dfa8d9aba0899276664cda06ab597e8e"},
]
